
Microsoft Visual Studio Solution File, Format Version 12.00
# Visual Studio Version 17
VisualStudioVersion = 17.3.32922.545
MinimumVisualStudioVersion = 10.0.40219.1
Project("{FAE04EC0-301F-11D3-BF4B-00C04F79EFBC}") = "Generics_13", "Generics_13.csproj", "{6599F755-CDB6-44BE-8F15-AC99F142EEFF}"
EndProject
Global
	GlobalSection(SolutionConfigurationPlatforms) = preSolution
		Debug|Any CPU = Debug|Any CPU
		Release|Any CPU = Release|Any CPU
	EndGlobalSection
	GlobalSection(ProjectConfigurationPlatforms) = postSolution
		{6599F755-CDB6-44BE-8F15-AC99F142EEFF}.Debug|Any CPU.ActiveCfg = Debug|Any CPU
		{6599F755-CDB6-44BE-8F15-AC99F142EEFF}.Debug|Any CPU.Build.0 = Debug|Any CPU
		{6599F755-CDB6-44BE-8F15-AC99F142EEFF}.Release|Any CPU.ActiveCfg = Release|Any CPU
		{6599F755-CDB6-44BE-8F15-AC99F142EEFF}.Release|Any CPU.Build.0 = Release|Any CPU
	EndGlobalSection
	GlobalSection(SolutionProperties) = preSolution
		HideSolutionNode = FALSE
	EndGlobalSection
	GlobalSection(ExtensibilityGlobals) = postSolution
		SolutionGuid = {7BDD471C-2662-45B7-98FA-4D66F4A2C171}
	EndGlobalSection
EndGlobal
